{
  "name": "life-metric",
  "version": "0.1.0",
  "lockfileVersion": 3,
  "requires": true,
  "packages": {
    "": {
      "name": "life-metric",
      "version": "0.1.0",
      "license": "MIT",
      "dependencies": {
        "zarrita": "^0.7.5"
      },
      "devDependencies": {
        "@types/node": "^22.10.0",
        "typescript": "^5.6.0"
      },
      "engines": {
        "node": ">=18"
      }
    },
    "node_modules/@types/node": {
      "version": "22.20.4",
      "resolved": "https://registry.npmjs.org/@types/node/-/node-22.20.4.tgz",
      "integrity": "sha512-zJRE40jpHtKqE/C4fgHrAKQLJuSpzEnP9ff9Y7YtoR3Wd2pwqzlekDeEuUQXjRd+QCYnVnNwuJYmhdk9XV8gvA==",
      "dev": true,
      "dependencies": {
        "undici-types": "~6.21.0"
      }
    },
    "node_modules/@zarrita/storage": {
      "version": "0.2.0",
      "resolved": "https://registry.npmjs.org/@zarrita/storage/-/storage-0.2.0.tgz",
      "integrity": "sha512-855ZXqtnds7spnT8vNvD+MXa3QExP1m2GqShe8yt7uZXHnQLgJHgkpVwFjE1B0KDDRO0ki09hmk6OboTaIfPsQ==",
      "dependencies": {
        "reference-spec-reader": "^0.2.0",
        "unzipit": "2.0.0"
      }
    },
    "node_modules/fflate": {
      "version": "0.8.3",
      "resolved": "https://registry.npmjs.org/fflate/-/fflate-0.8.3.tgz",
      "integrity": "sha512-tbZNuJrLwGUp3zshBtdy4W+ORxZuIh8a5ilyIEQDC5rY1f3U20JMry0Ll3WBzU58EZKsEuJFXhb5gwv8CsPvgA=="
    },
    "node_modules/numcodecs": {
      "version": "0.3.2",
      "resolved": "https://registry.npmjs.org/numcodecs/-/numcodecs-0.3.2.tgz",
      "integrity": "sha512-6YSPnmZgg0P87jnNhi3s+FVLOcIn3y+1CTIgUulA3IdASzK9fJM87sUFkpyA+be9GibGRaST2wCgkD+6U+fWKw==",
      "dependencies": {
        "fflate": "^0.8.0"
      }
    },
    "node_modules/reference-spec-reader": {
      "version": "0.2.0",
      "resolved": "https://registry.npmjs.org/reference-spec-reader/-/reference-spec-reader-0.2.0.tgz",
      "integrity": "sha512-q0mfCi5yZSSHXpCyxjgQeaORq3tvDsxDyzaadA/5+AbAUwRyRuuTh0aRQuE/vAOt/qzzxidJ5iDeu1cLHaNBlQ=="
    },
    "node_modules/typescript": {
      "version": "5.9.3",
      "resolved": "https://registry.npmjs.org/typescript/-/typescript-5.9.3.tgz",
      "integrity": "sha512-jl1vZzPDinLr9eUt3J/t7V6FgNEw9QjvBPdysz9KfQDD41fQrC2Y4vKQdiaUpFT4bXlb1RHhLpp8wtm6M5TgSw==",
      "dev": true,
      "bin": {
        "tsc": "bin/tsc",
        "tsserver": "bin/tsserver"
      },
      "engines": {
        "node": ">=14.17"
      }
    },
    "node_modules/undici-types": {
      "version": "6.21.0",
      "resolved": "https://registry.npmjs.org/undici-types/-/undici-types-6.21.0.tgz",
      "integrity": "sha512-iwDZqg0QAGrg9Rav5H4n0M64c3mkR59cJ6wQp+7C4nI0gsmExaedaYLNO44eT4AtBBwjbTiGPMlt2Md0T9H9JQ==",
      "dev": true
    },
    "node_modules/unzipit": {
      "version": "2.0.0",
      "resolved": "https://registry.npmjs.org/unzipit/-/unzipit-2.0.0.tgz",
      "integrity": "sha512-DVeVIWUZCAQPNzm5sB0hpsG1GygTTdBnzNtYYEpInkttx5evkyqRgZi6rTczoySqp8hO5jHVKzrH0f23X8FZLg==",
      "engines": {
        "node": ">=18"
      }
    },
    "node_modules/zarrita": {
      "version": "0.7.5",
      "resolved": "https://registry.npmjs.org/zarrita/-/zarrita-0.7.5.tgz",
      "integrity": "sha512-ZriOSEne+Wf2iuM0yjDZvUKpHNlug3dO7qJ6mAxXoOgsYV18DPOkAkwB9e0rf21bHcKcOffFuwoZwn5g6pvUeA==",
      "dependencies": {
        "@zarrita/storage": "^0.2.0",
        "numcodecs": "^0.3.2"
      }
    }
  }
}
